
Microsoft Visual Studio Solution File, Format Version 12.00
# Visual Studio Version 16
VisualStudioVersion = 16.0.33214.272
MinimumVisualStudioVersion = 10.0.40219.1
Project("{FAE04EC0-301F-11D3-BF4B-00C04F79EFBC}") = "GitFun", "GitFun\GitFun.csproj", "{B6E33F5B-CAA8-4010-A370-2EFCF4FD57CD}"
EndProject
Global
	GlobalSection(SolutionConfigurationPlatforms) = preSolution
		Debug|Any CPU = Debug|Any CPU
		Release|Any CPU = Release|Any CPU
	EndGlobalSection
	GlobalSection(ProjectConfigurationPlatforms) = postSolution
		{B6E33F5B-CAA8-4010-A370-2EFCF4FD57CD}.Debug|Any CPU.ActiveCfg = Debug|Any CPU
		{B6E33F5B-CAA8-4010-A370-2EFCF4FD57CD}.Debug|Any CPU.Build.0 = Debug|Any CPU
		{B6E33F5B-CAA8-4010-A370-2EFCF4FD57CD}.Release|Any CPU.ActiveCfg = Release|Any CPU
		{B6E33F5B-CAA8-4010-A370-2EFCF4FD57CD}.Release|Any CPU.Build.0 = Release|Any CPU
	EndGlobalSection
	GlobalSection(SolutionProperties) = preSolution
		HideSolutionNode = FALSE
	EndGlobalSection
	GlobalSection(ExtensibilityGlobals) = postSolution
		SolutionGuid = {062291F4-702B-418F-B507-3C9B6218FC48}
	EndGlobalSection
EndGlobal
